{
  "requires": true,
  "lockfileVersion": 1,
  "dependencies": {
    "js-quadtree": {
      "version": "3.3.3",
      "resolved": "https://registry.npmjs.org/js-quadtree/-/js-quadtree-3.3.3.tgz",
      "integrity": "sha512-U5P+21CgwQqhmWOZ+Xz3MITOpFi0k0SgrkOMHjSeeQJPyyPy63XeHDCUjX4GzqMd/A78xNGXnv51JMM/8fXaIQ=="
    },
    "quadtree": {
      "version": "1.1.3",
      "resolved": "https://registry.npmjs.org/quadtree/-/quadtree-1.1.3.tgz",
      "integrity": "sha1-jL1lKtcltYtZFAKt75kyB4QZe1I="
    },
    "quadtree-lib": {
      "version": "1.0.9",
      "resolved": "https://registry.npmjs.org/quadtree-lib/-/quadtree-lib-1.0.9.tgz",
      "integrity": "sha512-2hFsbM1+gqVkNafxAEjv/XD9VO7s4urGkV/Wdo36YoQQ7q4i6IgcAcVcmbWLOtVcIj7XYQmUl1QUOBr59FDbsA=="
    }
  }
}
